
Microsoft Visual Studio Solution File, Format Version 12.00
# Visual Studio Version 16
VisualStudioVersion = 16.0.30717.126
MinimumVisualStudioVersion = 10.0.40219.1
Project("{FAE04EC0-301F-11D3-BF4B-00C04F79EFBC}") = "WebCrawler_Project", "WebCrawler_Project\WebCrawler_Project.csproj", "{6E3D4844-E3BB-47AC-8BE4-6F0BDA7A2225}"
EndProject
Global
	GlobalSection(SolutionConfigurationPlatforms) = preSolution
		Debug|Any CPU = Debug|Any CPU
		Release|Any CPU = Release|Any CPU
	EndGlobalSection
	GlobalSection(ProjectConfigurationPlatforms) = postSolution
		{6E3D4844-E3BB-47AC-8BE4-6F0BDA7A2225}.Debug|Any CPU.ActiveCfg = Debug|Any CPU
		{6E3D4844-E3BB-47AC-8BE4-6F0BDA7A2225}.Debug|Any CPU.Build.0 = Debug|Any CPU
		{6E3D4844-E3BB-47AC-8BE4-6F0BDA7A2225}.Release|Any CPU.ActiveCfg = Release|Any CPU
		{6E3D4844-E3BB-47AC-8BE4-6F0BDA7A2225}.Release|Any CPU.Build.0 = Release|Any CPU
	EndGlobalSection
	GlobalSection(SolutionProperties) = preSolution
		HideSolutionNode = FALSE
	EndGlobalSection
	GlobalSection(ExtensibilityGlobals) = postSolution
		SolutionGuid = {3A58495E-1F17-4180-ABC0-DB44A5FFFC86}
	EndGlobalSection
EndGlobal
